{
  "version": 4,
  "terraform_version": "1.3.8",
  "serial": 13,
  "lineage": "1f75bac0-f6ac-08e4-e653-685f8812d2cb",
  "outputs": {},
  "resources": [
    {
      "module": "module.workflow",
      "mode": "managed",
      "type": "newrelic_alert_policy",
      "name": "my-policy",
      "provider": "module.workflow.provider[\"registry.terraform.io/newrelic/newrelic\"]",
      "instances": [
        {
          "index_key": "workflow",
          "schema_version": 0,
          "attributes": {
            "account_id": 3930391,
            "channel_ids": null,
            "id": "4526186",
            "incident_preference": "PER_POLICY",
            "name": "my_policy_for_workflow"
          },
          "sensitive_attributes": [],
          "private": "bnVsbA=="
        }
      ]
    },
    {
      "module": "module.workflow",
      "mode": "managed",
      "type": "newrelic_notification_destination",
      "name": "destination",
      "provider": "module.workflow.provider[\"registry.terraform.io/newrelic/newrelic\"]",
      "instances": [
        {
          "index_key": "workflow",
          "schema_version": 1,
          "attributes": {
            "account_id": 3930391,
            "active": true,
            "auth_basic": [],
            "auth_token": [],
            "id": "b2ef08c0-6914-4971-8d52-d7abf1d54eea",
            "last_sent": "",
            "name": "notification_destination",
            "property": [
              {
                "display_value": "",
                "key": "email",
                "label": "",
                "value": "sachinne071@gmail.com"
              }
            ],
            "status": "DEFAULT",
            "type": "EMAIL"
          },
          "sensitive_attributes": [],
          "private": "eyJzY2hlbWFfdmVyc2lvbiI6IjEifQ=="
        }
      ]
    }
  ],
  "check_results": null
}
