{
  "version": 4,
  "terraform_version": "1.3.8",
  "serial": 1,
  "lineage": "22fd2e05-b954-cb4c-3242-bafc2b3fefc4",
  "outputs": {},
  "resources": [
    {
      "module": "module.workload",
      "mode": "managed",
      "type": "newrelic_workload",
      "name": "foo",
      "provider": "module.workload.provider[\"registry.terraform.io/newrelic/newrelic\"]",
      "instances": [
        {
          "index_key": "workload1",
          "schema_version": 0,
          "attributes": {
            "account_id": 3930391,
            "composite_entity_search_query": "(accountId IN ('3930391')) AND ((id IN ('MzkzMDM5MXxBUE18QVBQTElDQVRJT058MTA3Mzg4MTY4OQ','MzkzMDM5MXxBUE18QVBQTElDQVRJT058MTA3NDUzMjQ0MA','MzkzMDM5MXxJTkZSQXxOQXwxNzEwNjMwNTQ0MjMyNzc1ODk')) OR (tags.accountId = '3930391' AND tags.fullHostname = 'Sachin-Negi' )) AND id != 'MzkzMDM5MXxOUjF8V09SS0xPQUR8MTcwNDI2'",
            "description": "simple practise",
            "entity_guids": [
              "MzkzMDM5MXxBUE18QVBQTElDQVRJT058MTA3Mzg4MTY4OQ",
              "MzkzMDM5MXxBUE18QVBQTElDQVRJT058MTA3NDUzMjQ0MA",
              "MzkzMDM5MXxJTkZSQXxOQXwxNzEwNjMwNTQ0MjMyNzc1ODk"
            ],
            "entity_search_query": [
              {
                "query": "tags.accountId = '3930391' AND tags.fullHostname = 'Sachin-Negi' "
              }
            ],
            "guid": "MzkzMDM5MXxOUjF8V09SS0xPQUR8MTcwNDI2",
            "id": "3930391:170426:MzkzMDM5MXxOUjF8V09SS0xPQUR8MTcwNDI2",
            "name": "workload with four services",
            "permalink": "https://one.newrelic.com/redirect/entity/MzkzMDM5MXxOUjF8V09SS0xPQUR8MTcwNDI2",
            "scope_account_ids": [
              3930391
            ],
            "status_config_automatic": [],
            "status_config_static": [],
            "workload_id": 170426
          },
          "sensitive_attributes": [],
          "private": "bnVsbA=="
        }
      ]
    }
  ],
  "check_results": null
}
